{
  "version": 1,
  "dependencies": {
    "net10.0": {
      "jcdcdev.Umbraco.Core": {
        "type": "Direct",
        "requested": "[18.0.0-alpha.2, 19.0.0)",
        "resolved": "18.0.0-alpha.2",
        "contentHash": "51Vnz0UVw366fgKBFnkjZD0ym+VWIFHcuh6KOPOzmcK3AleFHbn+fdQEf9tWvBvmCGccqQJ/5I+mXJnlDWL4zA==",
        "dependencies": {
          "Umbraco.Cms.Web.Common": "[18.0.0-rc2, 19.0.0)"
        }
      },
      "Umbraco.Cms.Core": {
        "type": "Direct",
        "requested": "[18.0.0-rc2, 19.0.0)",
        "resolved": "18.0.0-rc2",
        "contentHash": "aJU2hB4I3eJSNPCzx7HbnF9+GuHFSUINo4qlXuywE1Tk/1ctfTvCYqewGbPU3uJEgSAvOm6OD/j94zTlg9b1OA==",
        "dependencies": {
          "Microsoft.Extensions.FileProviders.Embedded": "10.0.7"
        }
      },
      "Umbraco.Cms.Infrastructure": {
        "type": "Direct",
        "requested": "[18.0.0-rc2, 19.0.0)",
        "resolved": "18.0.0-rc2",
        "contentHash": "TdGE9QJKZUnmGoB2xTN/RCgTTV/iFiWAv8TfVuyDORsyHSc2fS0Pdej1X0xC4YShfgCemlBSTpNnMj1n8LpO0Q==",
        "dependencies": {
          "Examine.Core": "3.7.1",
          "HtmlAgilityPack": "1.12.4",
          "MailKit": "4.16.0",
          "Markdig": "1.1.3",
          "Markdown": "2.2.1",
          "Microsoft.Extensions.FileProviders.Embedded": "10.0.7",
          "MiniProfiler.Shared": "4.5.4",
          "NPoco": "6.2.0",
          "OpenIddict.Abstractions": "7.5.0",
          "Serilog": "4.3.1",
          "Serilog.Enrichers.Process": "3.0.0",
          "Serilog.Enrichers.Thread": "4.0.0",
          "Serilog.Expressions": "5.0.0",
          "Serilog.Extensions.Hosting": "10.0.0",
          "Serilog.Formatting.Compact": "3.0.0",
          "Serilog.Formatting.Compact.Reader": "4.0.0",
          "Serilog.Settings.Configuration": "10.0.0",
          "Serilog.Sinks.Async": "2.1.0",
          "Serilog.Sinks.File": "7.0.0",
          "Serilog.Sinks.Map": "2.0.0",
          "System.Linq.Async": "7.0.1",
          "Umbraco.Cms.Core": "[18.0.0-rc2, 19.0.0)",
          "ncrontab": "3.4.0"
        }
      },
      "Asp.Versioning.Abstractions": {
        "type": "Transitive",
        "resolved": "10.0.0",
        "contentHash": "cMRE5nvNMfBgfkb0XFWst/7UtyXCjoAXnV0L4Scx4P9fcf0idgrj1Z0c+3ylsy01K4cOib7dKhCBfpg5z3r0Kg=="
      },
      "Asp.Versioning.Http": {
        "type": "Transitive",
        "resolved": "10.0.0",
        "contentHash": "xmNm9FM2d20NKy7i1osEQysf7pJ4iJjWnM6e8CoeIhUREqG8nugsfC82pGpmzlatjAJL5T52ieSpyW+GFdSsSQ==",
        "dependencies": {
          "Asp.Versioning.Abstractions": "10.0.0"
        }
      },
      "Asp.Versioning.Mvc": {
        "type": "Transitive",
        "resolved": "10.0.0",
        "contentHash": "W0wZ+0uZ0UK4KstjvEkNBZ0xxhBmxunwNg8582SVyyW7txQmSXibtm8fC4o82LaemPquYskms67bIbJOSrnlug==",
        "dependencies": {
          "Asp.Versioning.Http": "10.0.0"
        }
      },
      "Asp.Versioning.Mvc.ApiExplorer": {
        "type": "Transitive",
        "resolved": "10.0.0",
        "contentHash": "H54UOpRoc4RmhQ4RA2lzDz43a/hAu/JN19Yyy/DNmH4XlRxhemfhifJyh9BaXNJOtGa2Dnu2xEeP4VSiTdUdAg==",
        "dependencies": {
          "Asp.Versioning.Mvc": "10.0.0"
        }
      },
      "BouncyCastle.Cryptography": {
        "type": "Transitive",
        "resolved": "2.6.2",
        "contentHash": "7oWOcvnntmMKNzDLsdxAYqApt+AjpRpP2CShjMfIa3umZ42UQMvH0tl1qAliYPNYO6vTdcGMqnRrCPmsfzTI1w=="
      },
      "Dazinator.Extensions.FileProviders": {
        "type": "Transitive",
        "resolved": "2.0.0",
        "contentHash": "Jb10uIvdGdaaOmEGUXeO1ssjp6YuvOuR87B5gLxGORFbroV1j7PDaVfEIgni7vV8KRcyAY5KvuMxgx6ADIEXNw==",
        "dependencies": {
          "DotNet.Glob": "3.1.0",
          "NETStandard.Library": "1.6.1"
        }
      },
      "DotNet.Glob": {
        "type": "Transitive",
        "resolved": "3.1.0",
        "contentHash": "i6x0hDsFWg6Ke2isaNAcHQ9ChxBvTJu2cSmBY+Jtjiv2W4q6y9QlA3JKYuZqJ573TAZmpAn65Qf3sRpjvZ1gmw=="
      },
      "Examine": {
        "type": "Transitive",
        "resolved": "3.7.1",
        "contentHash": "/Hq2jb+Bv2COlJszLhmsDIN9+8VZnwiaXA1RnzBSp24PfVR/GrY/WzlWNJSzjVt5yvYW7Fuq0V1Bfu9e/v1UIA==",
        "dependencies": {
          "Examine.Core": "3.7.1",
          "Examine.Lucene": "3.7.1"
        }
      },
      "Examine.Core": {
        "type": "Transitive",
        "resolved": "3.7.1",
        "contentHash": "Vsm5DWtCTZ5cSyYN4Ryy6wWTFM1Q3Nz/1eeWHf5vNWIall0XQySApNbIofDfDNqDPauanHCoulj7y00vkhNBiw=="
      },
      "Examine.Lucene": {
        "type": "Transitive",
        "resolved": "3.7.1",
        "contentHash": "pRpYAfSJ1DoNhq9gGy3EfSIGkv3BryVEMWvmvvYve5sFRtkK+bQbKIX4BvCbi2TR9ZzOo7mCsCzCj17JJ/CpeQ==",
        "dependencies": {
          "Examine.Core": "3.7.1",
          "Lucene.Net.QueryParser": "4.8.0-beta00017",
          "Lucene.Net.Replicator": "4.8.0-beta00017"
        }
      },
      "HtmlAgilityPack": {
        "type": "Transitive",
        "resolved": "1.12.4",
        "contentHash": "ljqvBabvFwKoLniuoQKO8b5bJfJweKLs4fUNS/V5dsvpo0A8MlJqxxn9XVmP2DaskbUXty6IYaWAi1SArGIMeQ=="
      },
      "J2N": {
        "type": "Transitive",
        "resolved": "2.1.0",
        "contentHash": "Vooz1wbnnqWuS+u93tADXK5Owxo8vLJhSrZ9Ac+KpgDF3GJq9TybXXTF1TFcWILgEtRThc8AOBENEzB0TQH1JA=="
      },
      "K4os.Compression.LZ4": {
        "type": "Transitive",
        "resolved": "1.3.8",
        "contentHash": "LhwlPa7c1zs1OV2XadMtAWdImjLIsqFJPoRcIWAadSRn0Ri1DepK65UbWLPmt4riLqx2d40xjXRk0ogpqNtK7g=="
      },
      "Lucene.Net": {
        "type": "Transitive",
        "resolved": "4.8.0-beta00017",
        "contentHash": "7LLWS9nNwx01AyE/KXMh+qdAlzDkRANE8407AO/wEmLL1InzVKFwfsRdRmwg4ILOMFui4xZ1Y54eqvzo3Tf9Vw==",
        "dependencies": {
          "J2N": "[2.1.0, 3.0.0)"
        }
      },
      "Lucene.Net.Analysis.Common": {
        "type": "Transitive",
        "resolved": "4.8.0-beta00017",
        "contentHash": "rPpmww/HgwEwhvfvZgdWITxFsWRoCEpP3+WQBFgbGxTn4eLDr3U/oFoe8KS+8jUNAl2+5atErDrW5JOcFG+gcQ==",
        "dependencies": {
          "Lucene.Net": "4.8.0-beta00017"
        }
      },
      "Lucene.Net.Facet": {
        "type": "Transitive",
        "resolved": "4.8.0-beta00017",
        "contentHash": "LVxGwgRAVq9XdwvNfgCB8OH+ou40I0E1NYN53muPjQK5oUY+HpkgkFUhTFSHdajWWj7xFI1f+UFB23iweoVf2w==",
        "dependencies": {
          "Lucene.Net.Join": "4.8.0-beta00017",
          "Lucene.Net.Queries": "4.8.0-beta00017"
        }
      },
      "Lucene.Net.Grouping": {
        "type": "Transitive",
        "resolved": "4.8.0-beta00017",
        "contentHash": "nzMGvz0b1cedS8KKOlglJQJpyz8fT0ojgXFkgSkLLhwPNbMPwVoBsR7RlZs1FrF60Oz369O3Pm1a+MIr52KcLQ==",
        "dependencies": {
          "Lucene.Net": "4.8.0-beta00017",
          "Lucene.Net.Queries": "4.8.0-beta00017"
        }
      },
      "Lucene.Net.Join": {
        "type": "Transitive",
        "resolved": "4.8.0-beta00017",
        "contentHash": "WcJl4O6t3iXiXwXHnhmbVCO7C6ilPxabBCsdW/auQN0lrDpbVIcHorCxwd199fGBEQnk7wbl5pPnk8nw/VK4eQ==",
        "dependencies": {
          "Lucene.Net.Grouping": "4.8.0-beta00017"
        }
      },
      "Lucene.Net.Queries": {
        "type": "Transitive",
        "resolved": "4.8.0-beta00017",
        "contentHash": "RVpZCfa/7pgvytFw64zLqinvZPQt4TojvcFghdAA5vhnpSs5GTbtciPIxFH3wwH3f2dYJywiqYKo1h3JBCXRBA==",
        "dependencies": {
          "Lucene.Net": "4.8.0-beta00017"
        }
      },
      "Lucene.Net.QueryParser": {
        "type": "Transitive",
        "resolved": "4.8.0-beta00017",
        "contentHash": "ZrF7EL06qB+2S2K4T3PliIa5EiJ5Ii7c/zFRMhsNozymz+HRHMVoI/nMYSdN6WF7X1Ef1DTeajMwvsbGTfl28Q==",
        "dependencies": {
          "Lucene.Net.Analysis.Common": "4.8.0-beta00017",
          "Lucene.Net.Queries": "4.8.0-beta00017",
          "Lucene.Net.Sandbox": "4.8.0-beta00017"
        }
      },
      "Lucene.Net.Replicator": {
        "type": "Transitive",
        "resolved": "4.8.0-beta00017",
        "contentHash": "YGZcKkQhuLweZ+M4UgA/Uok3Vl3HOTlvZpUmTZMS4J9cBdvTevG0e6rn/pZrfONUpp0TtbXe494oGA1rScouOA==",
        "dependencies": {
          "J2N": "[2.1.0, 3.0.0)",
          "Lucene.Net": "4.8.0-beta00017",
          "Lucene.Net.Facet": "4.8.0-beta00017",
          "Newtonsoft.Json": "13.0.1"
        }
      },
      "Lucene.Net.Sandbox": {
        "type": "Transitive",
        "resolved": "4.8.0-beta00017",
        "contentHash": "wRAzQZ4Z1yEuAaTwO+RrZB6l3Lz+vNGAiDshf0IjAr8qeVvQj74iodEcff4Bes88bnhqsWLUZlDUg/ygraxX2Q==",
        "dependencies": {
          "Lucene.Net": "4.8.0-beta00017"
        }
      },
      "MailKit": {
        "type": "Transitive",
        "resolved": "4.16.0",
        "contentHash": "trJ82DOpAmo8i1jO1vNE+dGn4mPRyeYfy4swRcAGgMJhPoI1Kohf4OFJJf0+YIj4iUxgxPn8W+ht7e7KiYzSjg==",
        "dependencies": {
          "MimeKit": "4.16.0"
        }
      },
      "Markdig": {
        "type": "Transitive",
        "resolved": "1.1.3",
        "contentHash": "wboYc6YToID7koq+onej7rjd/kv4urZaZ4QMiJoF/jXt/ZlXe2Af9gWG4nOe5tk654UaOPYvKL64iFum7qWEYA=="
      },
      "Markdown": {
        "type": "Transitive",
        "resolved": "2.2.1",
        "contentHash": "A6veXuFP1n50RbmFNtTgfHxnHmwMsgFLSCgS1xWbg5L8n5N6HFEksTlXocZ0LsmGW4leBzeLJd+BY7+g83zFJA=="
      },
      "MessagePack": {
        "type": "Transitive",
        "resolved": "3.1.4",
        "contentHash": "BH0wlHWmVoZpbAPyyt2Awbq30C+ZsS3eHSkYdnyUAbqVJ22fAJDzn2xTieBeoT5QlcBzp61vHcv878YJGfi3mg==",
        "dependencies": {
          "MessagePack.Annotations": "3.1.4",
          "MessagePackAnalyzer": "3.1.4",
          "Microsoft.NET.StringTools": "17.11.4"
        }
      },
      "MessagePack.Annotations": {
        "type": "Transitive",
        "resolved": "3.1.4",
        "contentHash": "aVWrDAkCdqxwQsz/q0ldPh2EFn48M99YUzE9OvZjMq2RNLKz4o2z88iGFvSvbMqOWRweRvKPHBJZe22PRqzslQ=="
      },
      "MessagePackAnalyzer": {
        "type": "Transitive",
        "resolved": "3.1.4",
        "contentHash": "CTaSsN/liJ7MhLCAB7Z4ZLBNuVGCq9lt2BT/cbrc9vzGv89yK3CqIA+z9T19a11eQYl9etZHL6MQJgCqECRVpg=="
      },
      "Microsoft.Extensions.Caching.Hybrid": {
        "type": "Transitive",
        "resolved": "10.5.0",
        "contentHash": "INkOmE/6q6txxCS45A9HfY8dCqqjTMJfGzr3cNoMwuZpHVSr0JhMfgr/QNm9BvtvyzsyiK+q7yhCn57fBmoy9Q=="
      },
      "Microsoft.Extensions.DependencyModel": {
        "type": "Transitive",
        "resolved": "10.0.0",
        "contentHash": "RFYJR7APio/BiqdQunRq6DB+nDB6nc2qhHr77mlvZ0q0BT8PubMXN7XicmfzCbrDE/dzhBnUKBRXLTcqUiZDGg=="
      },
      "Microsoft.Extensions.FileProviders.Embedded": {
        "type": "Transitive",
        "resolved": "10.0.7",
        "contentHash": "Btm5vy3ZjIy4GwG5EGSnayiUrLeDsJ6n+RgaPs2xbjA53tXRTCtkZ9v086qHF71tJuVmQiJ8o0IXlm2XVibXJw=="
      },
      "Microsoft.IdentityModel.Abstractions": {
        "type": "Transitive",
        "resolved": "8.16.0",
        "contentHash": "gSxKLWRZzBpIsEoeUPkxfywNCCvRvl7hkq146XHPk5vOQc9izSf1I+uL1vh4y2U19QPxd9Z8K/8AdWyxYz2lSg=="
      },
      "Microsoft.IdentityModel.Logging": {
        "type": "Transitive",
        "resolved": "8.16.0",
        "contentHash": "MTzXmETkNQPACR7/XCXM1OGM6oU9RkyibqeJRtO9Ndew2LnGjMf9Atqj2VSf4XC27X0FQycUAlzxxEgQMWn2xQ==",
        "dependencies": {
          "Microsoft.IdentityModel.Abstractions": "8.16.0"
        }
      },
      "Microsoft.IdentityModel.Tokens": {
        "type": "Transitive",
        "resolved": "8.16.0",
        "contentHash": "rtViGJcGsN7WcfUNErwNeQgjuU5cJNl6FDQsfi9TncwO+Epzn0FTfBsg3YuFW1Q0Ch/KPxaVdjLw3/+5Z5ceFQ==",
        "dependencies": {
          "Microsoft.IdentityModel.Logging": "8.16.0"
        }
      },
      "Microsoft.NET.StringTools": {
        "type": "Transitive",
        "resolved": "17.11.4",
        "contentHash": "mudqUHhNpeqIdJoUx2YDWZO/I9uEDYVowan89R6wsomfnUJQk6HteoQTlNjZDixhT2B4IXMkMtgZtoceIjLRmA=="
      },
      "Microsoft.NETCore.Platforms": {
        "type": "Transitive",
        "resolved": "1.1.0",
        "contentHash": "kz0PEW2lhqygehI/d6XsPCQzD7ff7gUJaVGPVETX611eadGsA3A877GdSlU0LRVMCTH/+P3o2iDTak+S08V2+A=="
      },
      "MimeKit": {
        "type": "Transitive",
        "resolved": "4.16.0",
        "contentHash": "X0LFxeM4gPRIhODyY/HYS9b+zRZ7y//v59rFzgS6wLxcPuZThnMtNZHtrr0fjLyRRkg3gqJBtvW36XfUzZ7Djw==",
        "dependencies": {
          "BouncyCastle.Cryptography": "2.6.2",
          "System.Security.Cryptography.Pkcs": "10.0.0"
        }
      },
      "MiniProfiler.AspNetCore": {
        "type": "Transitive",
        "resolved": "4.5.4",
        "contentHash": "meedJsjpYOeHPhE8H6t+dGQ9zLxcCQVpi4DXzmxmYAXywmTzlo6jv2IASUv5QijTU0CxsROln3FHd8RsTO8Z8A==",
        "dependencies": {
          "MiniProfiler.Shared": "4.5.4"
        }
      },
      "MiniProfiler.AspNetCore.Mvc": {
        "type": "Transitive",
        "resolved": "4.5.4",
        "contentHash": "+NqXyCy9aNdroPm6leW5+cpngtCnkCdoyOlJzvVN62uucSx+MYkx8jmKbgAt+aCP6aghADfHBExwrTIldHxapg==",
        "dependencies": {
          "MiniProfiler.AspNetCore": "4.5.4"
        }
      },
      "MiniProfiler.Shared": {
        "type": "Transitive",
        "resolved": "4.5.4",
        "contentHash": "f8ckFm/xTS8C2Bn4BdVc94dNvg+tRfk0e4XFaETOqRi6r0PUOyn3Z9jTQCVpB3R1pP5WiRsEIrqqxux95BVpTA=="
      },
      "NCrontab": {
        "type": "Transitive",
        "resolved": "3.4.0",
        "contentHash": "t3okCB6odi64mZvhetBPSR/ejKib3uSnmyCqj8M0mf2S3yFxbDFZLjxfWqcwvmS3zzgXR6LAIi0XlBU4oqxTlg=="
      },
      "NETStandard.Library": {
        "type": "Transitive",
        "resolved": "1.6.1",
        "contentHash": "WcSp3+vP+yHNgS8EV5J7pZ9IRpeDuARBPN28by8zqff1wJQXm26PVU8L3/fYLBJVU7BtDyqNVWq2KlCVvSSR4A==",
        "dependencies": {
          "Microsoft.NETCore.Platforms": "1.1.0"
        }
      },
      "Newtonsoft.Json": {
        "type": "Transitive",
        "resolved": "13.0.3",
        "contentHash": "HrC5BXdl00IP9zeV+0Z848QWPAoCr9P3bDEZguI+gkLcBKAOxix/tLEAAHC+UvDNPv4a2d18lOReHMOagPa+zQ=="
      },
      "NPoco": {
        "type": "Transitive",
        "resolved": "6.2.0",
        "contentHash": "/E5smklogHeYhX639dYYhcc0Gx55LriAlU2ZfLDO44g0o4pmKPtJVzE0QR+wPGaskrrZ5JiI3Dd+CKGh8u5YRw==",
        "dependencies": {
          "NPoco.Abstractions": "6.2.0"
        }
      },
      "NPoco.Abstractions": {
        "type": "Transitive",
        "resolved": "6.2.0",
        "contentHash": "DRx593fF5CJZ8pj94StWdZsE9/iXkJKp3L2xp6Y9EAliHf4+e1y4QvWL/jJmeZ7zb8NKpwyf6tq1CZDS2mQwAA=="
      },
      "OpenIddict.Abstractions": {
        "type": "Transitive",
        "resolved": "7.5.0",
        "contentHash": "4m3smhkdeWITo1UWc3zYyGketh0ELn6UZRuZEnzcyS6fuflvl1MNSHbg1wPTTGldlxcq6VwWvVvKWyaTW/25Ig==",
        "dependencies": {
          "Microsoft.IdentityModel.Tokens": "8.16.0"
        }
      },
      "Serilog": {
        "type": "Transitive",
        "resolved": "4.3.1",
        "contentHash": "savYe7h5yRlkqBVOwP8cIRDOdqKiPmYCU4W87JH38sBmcKD5EBoXvQIw6bNEvZ/pTe1gsiye3VFCzBsoppGkXQ=="
      },
      "Serilog.AspNetCore": {
        "type": "Transitive",
        "resolved": "10.0.0",
        "contentHash": "a/cNa1mY4On1oJlfGG1wAvxjp5g7OEzk/Jf/nm7NF9cWoE7KlZw1GldrifUBWm9oKibHkR7Lg/l5jy3y7ACR8w==",
        "dependencies": {
          "Serilog": "4.3.0",
          "Serilog.Extensions.Hosting": "10.0.0",
          "Serilog.Formatting.Compact": "3.0.0",
          "Serilog.Settings.Configuration": "10.0.0",
          "Serilog.Sinks.Console": "6.1.1",
          "Serilog.Sinks.Debug": "3.0.0",
          "Serilog.Sinks.File": "7.0.0"
        }
      },
      "Serilog.Enrichers.Process": {
        "type": "Transitive",
        "resolved": "3.0.0",
        "contentHash": "/wPYz2PDCJGSHNI+Z0PAacZvrgZgrGduWqLXeC2wvW6pgGM/Bi45JrKy887MRcRPHIZVU0LAlkmJ7TkByC0boQ==",
        "dependencies": {
          "Serilog": "4.0.0"
        }
      },
      "Serilog.Enrichers.Thread": {
        "type": "Transitive",
        "resolved": "4.0.0",
        "contentHash": "C7BK25a1rhUyr+Tp+1BYcVlBJq7M2VCHlIgnwoIUVJcicM9jYcvQK18+OeHiXw7uLPSjqWxJIp1EfaZ/RGmEwA==",
        "dependencies": {
          "Serilog": "4.0.0"
        }
      },
      "Serilog.Expressions": {
        "type": "Transitive",
        "resolved": "5.0.0",
        "contentHash": "QhZjXtUcA2QfQRA60m+DfyIfidKsQV7HBstbYEDqzJKMbJH/KnKthkkjciRuYrmFE+scWv1JibC5LlXrdtOUmw==",
        "dependencies": {
          "Serilog": "4.0.0"
        }
      },
      "Serilog.Extensions.Hosting": {
        "type": "Transitive",
        "resolved": "10.0.0",
        "contentHash": "E7juuIc+gzoGxgzFooFgAV8g9BfiSXNKsUok9NmEpyAXg2odkcPsMa/Yo4axkJRlh0se7mkYQ1GXDaBemR+b6w==",
        "dependencies": {
          "Serilog": "4.3.0",
          "Serilog.Extensions.Logging": "10.0.0"
        }
      },
      "Serilog.Extensions.Logging": {
        "type": "Transitive",
        "resolved": "10.0.0",
        "contentHash": "vx0kABKl2dWbBhhqAfTOk53/i8aV/5VaT3a6il9gn72Wqs2pM7EK2OB6No6xdqK2IaY6Zf9gdjLuK9BVa2rT+Q==",
        "dependencies": {
          "Serilog": "4.2.0"
        }
      },
      "Serilog.Formatting.Compact": {
        "type": "Transitive",
        "resolved": "3.0.0",
        "contentHash": "wQsv14w9cqlfB5FX2MZpNsTawckN4a8dryuNGbebB/3Nh1pXnROHZov3swtu3Nj5oNG7Ba+xdu7Et/ulAUPanQ==",
        "dependencies": {
          "Serilog": "4.0.0"
        }
      },
      "Serilog.Formatting.Compact.Reader": {
        "type": "Transitive",
        "resolved": "4.0.0",
        "contentHash": "E1gvPAx0AsQhlyzGwgcVnGe5QrdkSugwKh+6V/FUSdTMVKKPSiO6Ff5iosjBMNBvq244Zys7BhTfFmgCE0KUyQ==",
        "dependencies": {
          "Newtonsoft.Json": "13.0.3",
          "Serilog": "4.0.0"
        }
      },
      "Serilog.Settings.Configuration": {
        "type": "Transitive",
        "resolved": "10.0.0",
        "contentHash": "LNq+ibS1sbhTqPV1FIE69/9AJJbfaOhnaqkzcjFy95o+4U+STsta9mi97f1smgXsWYKICDeGUf8xUGzd/52/uA==",
        "dependencies": {
          "Microsoft.Extensions.DependencyModel": "10.0.0",
          "Serilog": "4.3.0"
        }
      },
      "Serilog.Sinks.Async": {
        "type": "Transitive",
        "resolved": "2.1.0",
        "contentHash": "SnmRknWsSMgyo9wDXeZZCqSp48kkQYy44taSM6vcpxfiRICzSf09oLKEmVr0RCwQnfd8mJQ2WNN6nvhqf0RowQ==",
        "dependencies": {
          "Serilog": "4.1.0"
        }
      },
      "Serilog.Sinks.Console": {
        "type": "Transitive",
        "resolved": "6.1.1",
        "contentHash": "8jbqgjUyZlfCuSTaJk6lOca465OndqOz3KZP6Cryt/IqZYybyBu7GP0fE/AXBzrrQB3EBmQntBFAvMVz1COvAA==",
        "dependencies": {
          "Serilog": "4.0.0"
        }
      },
      "Serilog.Sinks.Debug": {
        "type": "Transitive",
        "resolved": "3.0.0",
        "contentHash": "4BzXcdrgRX7wde9PmHuYd9U6YqycCC28hhpKonK7hx0wb19eiuRj16fPcPSVp0o/Y1ipJuNLYQ00R3q2Zs8FDA==",
        "dependencies": {
          "Serilog": "4.0.0"
        }
      },
      "Serilog.Sinks.File": {
        "type": "Transitive",
        "resolved": "7.0.0",
        "contentHash": "fKL7mXv7qaiNBUC71ssvn/dU0k9t0o45+qm2XgKAlSt19xF+ijjxyA3R6HmCgfKEKwfcfkwWjayuQtRueZFkYw==",
        "dependencies": {
          "Serilog": "4.2.0"
        }
      },
      "Serilog.Sinks.Map": {
        "type": "Transitive",
        "resolved": "2.0.0",
        "contentHash": "bpfOs8W9r5AwZ65/7IHGDI8eBdd8FgUbLd8aCmaMNN4ZSkcHfXGUnPL+PO/wpGJzw/XQNMLx8tro5H7xf2uL1A==",
        "dependencies": {
          "Serilog": "4.0.0"
        }
      },
      "System.Interactive.Async": {
        "type": "Transitive",
        "resolved": "7.0.1",
        "contentHash": "oL1iox7sAJL8i+muGzVMQjDB0axQgOoT5CkwYdap8cQJMkWDWMRErNqhOcZkn31+aKr/uCfgMEdhUARCU4G7gg=="
      },
      "System.Linq.Async": {
        "type": "Transitive",
        "resolved": "7.0.1",
        "contentHash": "gwQtBHVY/WgqWgAYSe4JspXR+f1FvMbVIW4ixsJpGV/Kj8Nun3zp1ajIdvCWfmac8ektJGVLiJ/OR8JU9nZnMg==",
        "dependencies": {
          "System.Interactive.Async": "7.0.1"
        }
      },
      "System.Security.Cryptography.Pkcs": {
        "type": "Transitive",
        "resolved": "10.0.0",
        "contentHash": "UPWqLSygJlFerRi9XNIuM0a1VC8gHUIufyP24xQ0sc+XimqUAEcjpOz9DhKpyDjH+5B/wO3RpC0KpkEeDj/ddg=="
      },
      "Umbraco.Cms.Examine.Lucene": {
        "type": "Transitive",
        "resolved": "18.0.0-rc2",
        "contentHash": "cZZ35rLN/TbbwtHyr+LUv0HiK9PK5qfrno95+WMJXmeAfVD1M99y4A9LUguDc/V6lVViJhLcDMl8II+mxcNXnA==",
        "dependencies": {
          "Examine": "3.7.1",
          "Examine.Core": "3.7.1",
          "HtmlAgilityPack": "1.12.4",
          "MailKit": "4.16.0",
          "Markdig": "1.1.3",
          "Markdown": "2.2.1",
          "Microsoft.Extensions.FileProviders.Embedded": "10.0.7",
          "MiniProfiler.Shared": "4.5.4",
          "NPoco": "6.2.0",
          "OpenIddict.Abstractions": "7.5.0",
          "Serilog": "4.3.1",
          "Serilog.Enrichers.Process": "3.0.0",
          "Serilog.Enrichers.Thread": "4.0.0",
          "Serilog.Expressions": "5.0.0",
          "Serilog.Extensions.Hosting": "10.0.0",
          "Serilog.Formatting.Compact": "3.0.0",
          "Serilog.Formatting.Compact.Reader": "4.0.0",
          "Serilog.Settings.Configuration": "10.0.0",
          "Serilog.Sinks.Async": "2.1.0",
          "Serilog.Sinks.File": "7.0.0",
          "Serilog.Sinks.Map": "2.0.0",
          "System.Linq.Async": "7.0.1",
          "Umbraco.Cms.Infrastructure": "[18.0.0-rc2, 19.0.0)",
          "ncrontab": "3.4.0"
        }
      },
      "Umbraco.Cms.PublishedCache.HybridCache": {
        "type": "Transitive",
        "resolved": "18.0.0-rc2",
        "contentHash": "ebLr4fQYoCOJ+tDGM9jN3hAJ+WaAQXcJ2iQPwmgZPBGaGWiOc6v3X3wyL8Ia5FVyAqGqKwdMTQ6sLsZk1+IBmQ==",
        "dependencies": {
          "Examine.Core": "3.7.1",
          "HtmlAgilityPack": "1.12.4",
          "K4os.Compression.LZ4": "1.3.8",
          "MailKit": "4.16.0",
          "Markdig": "1.1.3",
          "Markdown": "2.2.1",
          "MessagePack": "3.1.4",
          "Microsoft.Extensions.Caching.Hybrid": "10.5.0",
          "Microsoft.Extensions.FileProviders.Embedded": "10.0.7",
          "MiniProfiler.Shared": "4.5.4",
          "NPoco": "6.2.0",
          "OpenIddict.Abstractions": "7.5.0",
          "Serilog": "4.3.1",
          "Serilog.Enrichers.Process": "3.0.0",
          "Serilog.Enrichers.Thread": "4.0.0",
          "Serilog.Expressions": "5.0.0",
          "Serilog.Extensions.Hosting": "10.0.0",
          "Serilog.Formatting.Compact": "3.0.0",
          "Serilog.Formatting.Compact.Reader": "4.0.0",
          "Serilog.Settings.Configuration": "10.0.0",
          "Serilog.Sinks.Async": "2.1.0",
          "Serilog.Sinks.File": "7.0.0",
          "Serilog.Sinks.Map": "2.0.0",
          "System.Linq.Async": "7.0.1",
          "Umbraco.Cms.Core": "[18.0.0-rc2, 19.0.0)",
          "Umbraco.Cms.Infrastructure": "[18.0.0-rc2, 19.0.0)",
          "ncrontab": "3.4.0"
        }
      },
      "Umbraco.Cms.Web.Common": {
        "type": "Transitive",
        "resolved": "18.0.0-rc2",
        "contentHash": "5Jnu1jp4hFmGYx1NaRiWVKYEZvyJLZ3m5zTwjUAUd/MTvHaGPxd/aO+rKmseq4FVjvIbd6ilu2vttkAoChUwKA==",
        "dependencies": {
          "Asp.Versioning.Mvc": "10.0.0",
          "Asp.Versioning.Mvc.ApiExplorer": "10.0.0",
          "Dazinator.Extensions.FileProviders": "2.0.0",
          "Examine": "3.7.1",
          "Examine.Core": "3.7.1",
          "HtmlAgilityPack": "1.12.4",
          "K4os.Compression.LZ4": "1.3.8",
          "MailKit": "4.16.0",
          "Markdig": "1.1.3",
          "Markdown": "2.2.1",
          "MessagePack": "3.1.4",
          "Microsoft.Extensions.Caching.Hybrid": "10.5.0",
          "Microsoft.Extensions.FileProviders.Embedded": "10.0.7",
          "MiniProfiler.AspNetCore.Mvc": "4.5.4",
          "MiniProfiler.Shared": "4.5.4",
          "NPoco": "6.2.0",
          "OpenIddict.Abstractions": "7.5.0",
          "Serilog": "4.3.1",
          "Serilog.AspNetCore": "10.0.0",
          "Serilog.Enrichers.Process": "3.0.0",
          "Serilog.Enrichers.Thread": "4.0.0",
          "Serilog.Expressions": "5.0.0",
          "Serilog.Extensions.Hosting": "10.0.0",
          "Serilog.Formatting.Compact": "3.0.0",
          "Serilog.Formatting.Compact.Reader": "4.0.0",
          "Serilog.Settings.Configuration": "10.0.0",
          "Serilog.Sinks.Async": "2.1.0",
          "Serilog.Sinks.File": "7.0.0",
          "Serilog.Sinks.Map": "2.0.0",
          "System.Linq.Async": "7.0.1",
          "Umbraco.Cms.Examine.Lucene": "[18.0.0-rc2, 19.0.0)",
          "Umbraco.Cms.PublishedCache.HybridCache": "[18.0.0-rc2, 19.0.0)",
          "ncrontab": "3.4.0"
        }
      }
    }
  }
}